
Microsoft Visual Studio Solution File, Format Version 12.00
# Visual Studio Version 17
VisualStudioVersion = 17.5.33424.131
MinimumVisualStudioVersion = 10.0.40219.1
Project("{FAE04EC0-301F-11D3-BF4B-00C04F79EFBC}") = "Atm_Transactions_Program", "Atm_Transactions_Program\Atm_Transactions_Program.csproj", "{B3E5CFA2-C47F-422A-A3CF-EE0E471F9820}"
EndProject
Global
	GlobalSection(SolutionConfigurationPlatforms) = preSolution
		Debug|Any CPU = Debug|Any CPU
		Release|Any CPU = Release|Any CPU
	EndGlobalSection
	GlobalSection(ProjectConfigurationPlatforms) = postSolution
		{B3E5CFA2-C47F-422A-A3CF-EE0E471F9820}.Debug|Any CPU.ActiveCfg = Debug|Any CPU
		{B3E5CFA2-C47F-422A-A3CF-EE0E471F9820}.Debug|Any CPU.Build.0 = Debug|Any CPU
		{B3E5CFA2-C47F-422A-A3CF-EE0E471F9820}.Release|Any CPU.ActiveCfg = Release|Any CPU
		{B3E5CFA2-C47F-422A-A3CF-EE0E471F9820}.Release|Any CPU.Build.0 = Release|Any CPU
	EndGlobalSection
	GlobalSection(SolutionProperties) = preSolution
		HideSolutionNode = FALSE
	EndGlobalSection
	GlobalSection(ExtensibilityGlobals) = postSolution
		SolutionGuid = {81F9D665-FEBA-4917-8687-EE81A0051030}
	EndGlobalSection
EndGlobal
